// !$*UTF8*$!
{
	archiveVersion = 1;
	classes = {
	};
	objectVersion = 56;
	objects = {

/* Begin PBXBuildFile section */
		F372E499298FE967009548A3 /* AppDelegate.swift in Sources */ = {isa = PBXBuildFile; fileRef = F372E498298FE967009548A3 /* AppDelegate.swift */; };
		F372E49B298FE967009548A3 /* SceneDelegate.swift in Sources */ = {isa = PBXBuildFile; fileRef = F372E49A298FE967009548A3 /* SceneDelegate.swift */; };
		F372E49D298FE967009548A3 /* ViewController.swift in Sources */ = {isa = PBXBuildFile; fileRef = F372E49C298FE967009548A3 /* ViewController.swift */; };
		F372E4A0298FE967009548A3 /* Main.storyboard in Resources */ = {isa = PBXBuildFile; fileRef = F372E49E298FE967009548A3 /* Main.storyboard */; };
		F372E4A2298FE969009548A3 /* Assets.xcassets in Resources */ = {isa = PBXBuildFile; fileRef = F372E4A1298FE969009548A3 /* Assets.xcassets */; };
		F372E4A5298FE969009548A3 /* LaunchScreen.storyboard in Resources */ = {isa = PBXBuildFile; fileRef = F372E4A3298FE969009548A3 /* LaunchScreen.storyboard */; };
		F372E4AF298FECCA009548A3 /* SunElContainerView.swift in Sources */ = {isa = PBXBuildFile; fileRef = F372E4AE298FECCA009548A3 /* SunElContainerView.swift */; };
		F372E4B12990572C009548A3 /* TitleContainerView.swift in Sources */ = {isa = PBXBuildFile; fileRef = F372E4B02990572C009548A3 /* TitleContainerView.swift */; };
		F372E4B32992BEC0009548A3 /* ShuffleAndPlayButtonContainerView.swift in Sources */ = {isa = PBXBuildFile; fileRef = F372E4B22992BEC0009548A3 /* ShuffleAndPlayButtonContainerView.swift */; };
/* End PBXBuildFile section */

/* Begin PBXFileReference section */
		F372E495298FE967009548A3 /* YouTube Music.app */ = {isa = PBXFileReference; explicitFileType = wrapper.application; includeInIndex = 0; path = "YouTube Music.app"; sourceTree = BUILT_PRODUCTS_DIR; };
		F372E498298FE967009548A3 /* AppDelegate.swift */ = {isa = PBXFileReference; lastKnownFileType = sourcecode.swift; path = AppDelegate.swift; sourceTree = "<group>"; };
		F372E49A298FE967009548A3 /* SceneDelegate.swift */ = {isa = PBXFileReference; lastKnownFileType = sourcecode.swift; path = SceneDelegate.swift; sourceTree = "<group>"; };
		F372E49C298FE967009548A3 /* ViewController.swift */ = {isa = PBXFileReference; lastKnownFileType = sourcecode.swift; path = ViewController.swift; sourceTree = "<group>"; };
		F372E49F298FE967009548A3 /* Base */ = {isa = PBXFileReference; lastKnownFileType = file.storyboard; name = Base; path = Base.lproj/Main.storyboard; sourceTree = "<group>"; };
		F372E4A1298FE969009548A3 /* Assets.xcassets */ = {isa = PBXFileReference; lastKnownFileType = folder.assetcatalog; path = Assets.xcassets; sourceTree = "<group>"; };
		F372E4A4298FE969009548A3 /* Base */ = {isa = PBXFileReference; lastKnownFileType = file.storyboard; name = Base; path = Base.lproj/LaunchScreen.storyboard; sourceTree = "<group>"; };
		F372E4A6298FE969009548A3 /* Info.plist */ = {isa = PBXFileReference; lastKnownFileType = text.plist.xml; path = Info.plist; sourceTree = "<group>"; };
		F372E4AE298FECCA009548A3 /* SunElContainerView.swift */ = {isa = PBXFileReference; lastKnownFileType = sourcecode.swift; path = SunElContainerView.swift; sourceTree = "<group>"; };
		F372E4B02990572C009548A3 /* TitleContainerView.swift */ = {isa = PBXFileReference; lastKnownFileType = sourcecode.swift; path = TitleContainerView.swift; sourceTree = "<group>"; };
		F372E4B22992BEC0009548A3 /* ShuffleAndPlayButtonContainerView.swift */ = {isa = PBXFileReference; lastKnownFileType = sourcecode.swift; path = ShuffleAndPlayButtonContainerView.swift; sourceTree = "<group>"; };
/* End PBXFileReference section */

/* Begin PBXFrameworksBuildPhase section */
		F372E492298FE967009548A3 /* Frameworks */ = {
			isa = PBXFrameworksBuildPhase;
			buildActionMask = 2147483647;
			files = (
			);
			runOnlyForDeploymentPostprocessing = 0;
		};
/* End PBXFrameworksBuildPhase section */

/* Begin PBXGroup section */
		F372E48C298FE967009548A3 = {
			isa = PBXGroup;
			children = (
				F372E497298FE967009548A3 /* YouTube Music */,
				F372E496298FE967009548A3 /* Products */,
			);
			sourceTree = "<group>";
		};
		F372E496298FE967009548A3 /* Products */ = {
			isa = PBXGroup;
			children = (
				F372E495298FE967009548A3 /* YouTube Music.app */,
			);
			name = Products;
			sourceTree = "<group>";
		};
		F372E497298FE967009548A3 /* YouTube Music */ = {
			isa = PBXGroup;
			children = (
				F372E498298FE967009548A3 /* AppDelegate.swift */,
				F372E49A298FE967009548A3 /* SceneDelegate.swift */,
				F372E49C298FE967009548A3 /* ViewController.swift */,
				F372E4B02990572C009548A3 /* TitleContainerView.swift */,
				F372E4AE298FECCA009548A3 /* SunElContainerView.swift */,
				F372E4B22992BEC0009548A3 /* ShuffleAndPlayButtonContainerView.swift */,
				F372E49E298FE967009548A3 /* Main.storyboard */,
				F372E4A1298FE969009548A3 /* Assets.xcassets */,
				F372E4A3298FE969009548A3 /* LaunchScreen.storyboard */,
				F372E4A6298FE969009548A3 /* Info.plist */,
			);
			path = "YouTube Music";
			sourceTree = "<group>";
		};
/* End PBXGroup section */

/* Begin PBXNativeTarget section */
		F372E494298FE967009548A3 /* YouTube Music */ = {
			isa = PBXNativeTarget;
			buildConfigurationList = F372E4A9298FE969009548A3 /* Build configuration list for PBXNativeTarget "YouTube Music" */;
			buildPhases = (
				F372E491298FE967009548A3 /* Sources */,
				F372E492298FE967009548A3 /* Frameworks */,
				F372E493298FE967009548A3 /* Resources */,
			);
			buildRules = (
			);
			dependencies = (
			);
			name = "YouTube Music";
			productName = "YouTube Music";
			productReference = F372E495298FE967009548A3 /* YouTube Music.app */;
			productType = "com.apple.product-type.application";
		};
/* End PBXNativeTarget section */

/* Begin PBXProject section */
		F372E48D298FE967009548A3 /* Project object */ = {
			isa = PBXProject;
			attributes = {
				BuildIndependentTargetsInParallel = 1;
				LastSwiftUpdateCheck = 1420;
				LastUpgradeCheck = 1420;
				TargetAttributes = {
					F372E494298FE967009548A3 = {
						CreatedOnToolsVersion = 14.2;
					};
				};
			};
			buildConfigurationList = F372E490298FE967009548A3 /* Build configuration list for PBXProject "YouTube Music" */;
			compatibilityVersion = "Xcode 14.0";
			developmentRegion = en;
			hasScannedForEncodings = 0;
			knownRegions = (
				en,
				Base,
			);
			mainGroup = F372E48C298FE967009548A3;
			productRefGroup = F372E496298FE967009548A3 /* Products */;
			projectDirPath = "";
			projectRoot = "";
			targets = (
				F372E494298FE967009548A3 /* YouTube Music */,
			);
		};
/* End PBXProject section */

/* Begin PBXResourcesBuildPhase section */
		F372E493298FE967009548A3 /* Resources */ = {
			isa = PBXResourcesBuildPhase;
			buildActionMask = 2147483647;
			files = (
				F372E4A5298FE969009548A3 /* LaunchScreen.storyboard in Resources */,
				F372E4A2298FE969009548A3 /* Assets.xcassets in Resources */,
				F372E4A0298FE967009548A3 /* Main.storyboard in Resources */,
			);
			runOnlyForDeploymentPostprocessing = 0;
		};
/* End PBXResourcesBuildPhase section */

/* Begin PBXSourcesBuildPhase section */
		F372E491298FE967009548A3 /* Sources */ = {
			isa = PBXSourcesBuildPhase;
			buildActionMask = 2147483647;
			files = (
				F372E4B32992BEC0009548A3 /* ShuffleAndPlayButtonContainerView.swift in Sources */,
				F372E4AF298FECCA009548A3 /* SunElContainerView.swift in Sources */,
				F372E49D298FE967009548A3 /* ViewController.swift in Sources */,
				F372E499298FE967009548A3 /* AppDelegate.swift in Sources */,
				F372E49B298FE967009548A3 /* SceneDelegate.swift in Sources */,
				F372E4B12990572C009548A3 /* TitleContainerView.swift in Sources */,
			);
			runOnlyForDeploymentPostprocessing = 0;
		};
/* End PBXSourcesBuildPhase section */

/* Begin PBXVariantGroup section */
		F372E49E298FE967009548A3 /* Main.storyboard */ = {
			isa = PBXVariantGroup;
			children = (
				F372E49F298FE967009548A3 /* Base */,
			);
			name = Main.storyboard;
			sourceTree = "<group>";
		};
		F372E4A3298FE969009548A3 /* LaunchScreen.storyboard */ = {
			isa = PBXVariantGroup;
			children = (
				F372E4A4298FE969009548A3 /* Base */,
			);
			name = LaunchScreen.storyboard;
			sourceTree = "<group>";
		};
/* End PBXVariantGroup section */

/* Begin XCBuildConfiguration section */
		F372E4A7298FE969009548A3 /* Debug */ = {
			isa = XCBuildConfiguration;
			buildSettings = {
				ALWAYS_SEARCH_USER_PATHS = NO;
				CLANG_ANALYZER_NONNULL = YES;
				CLANG_ANALYZER_NUMBER_OBJECT_CONVERSION = YES_AGGRESSIVE;
				CLANG_CXX_LANGUAGE_STANDARD = "gnu++20";
				CLANG_ENABLE_MODULES = YES;
				CLANG_ENABLE_OBJC_ARC = YES;
				CLANG_ENABLE_OBJC_WEAK = YES;
				CLANG_WARN_BLOCK_CAPTURE_AUTORELEASING = YES;
				CLANG_WARN_BOOL_CONVERSION = YES;
				CLANG_WARN_COMMA = YES;
				CLANG_WARN_CONSTANT_CONVERSION = YES;
				CLANG_WARN_DEPRECATED_OBJC_IMPLEMENTATIONS = YES;
				CLANG_WARN_DIRECT_OBJC_ISA_USAGE = YES_ERROR;
				CLANG_WARN_DOCUMENTATION_COMMENTS = YES;
				CLANG_WARN_EMPTY_BODY = YES;
				CLANG_WARN_ENUM_CONVERSION = YES;
				CLANG_WARN_INFINITE_RECURSION = YES;
				CLANG_WARN_INT_CONVERSION = YES;
				CLANG_WARN_NON_LITERAL_NULL_CONVERSION = YES;
				CLANG_WARN_OBJC_IMPLICIT_RETAIN_SELF = YES;
				CLANG_WARN_OBJC_LITERAL_CONVERSION = YES;
				CLANG_WARN_OBJC_ROOT_CLASS = YES_ERROR;
				CLANG_WARN_QUOTED_INCLUDE_IN_FRAMEWORK_HEADER = YES;
				CLANG_WARN_RANGE_LOOP_ANALYSIS = YES;
				CLANG_WARN_STRICT_PROTOTYPES = YES;
				CLANG_WARN_SUSPICIOUS_MOVE = YES;
				CLANG_WARN_UNGUARDED_AVAILABILITY = YES_AGGRESSIVE;
				CLANG_WARN_UNREACHABLE_CODE = YES;
				CLANG_WARN__DUPLICATE_METHOD_MATCH = YES;
				COPY_PHASE_STRIP = NO;
				DEBUG_INFORMATION_FORMAT = dwarf;
				ENABLE_STRICT_OBJC_MSGSEND = YES;
				ENABLE_TESTABILITY = YES;
				GCC_C_LANGUAGE_STANDARD = gnu11;
				GCC_DYNAMIC_NO_PIC = NO;
				GCC_NO_COMMON_BLOCKS = YES;
				GCC_OPTIMIZATION_LEVEL = 0;
				GCC_PREPROCESSOR_DEFINITIONS = (
					"DEBUG=1",
					"$(inherited)",
				);
				GCC_WARN_64_TO_32_BIT_CONVERSION = YES;
				GCC_WARN_ABOUT_RETURN_TYPE = YES_ERROR;
				GCC_WARN_UNDECLARED_SELECTOR = YES;
				GCC_WARN_UNINITIALIZED_AUTOS = YES_AGGRESSIVE;
				GCC_WARN_UNUSED_FUNCTION = YES;
				GCC_WARN_UNUSED_VARIABLE = YES;
				IPHONEOS_DEPLOYMENT_TARGET = 16.2;
				MTL_ENABLE_DEBUG_INFO = INCLUDE_SOURCE;
				MTL_FAST_MATH = YES;
				ONLY_ACTIVE_ARCH = YES;
				SDKROOT = iphoneos;
				SWIFT_ACTIVE_COMPILATION_CONDITIONS = DEBUG;
				SWIFT_OPTIMIZATION_LEVEL = "-Onone";
			};
			name = Debug;
		};
		F372E4A8298FE969009548A3 /* Release */ = {
			isa = XCBuildConfiguration;
			buildSettings = {
				ALWAYS_SEARCH_USER_PATHS = NO;
				CLANG_ANALYZER_NONNULL = YES;
				CLANG_ANALYZER_NUMBER_OBJECT_CONVERSION = YES_AGGRESSIVE;
				CLANG_CXX_LANGUAGE_STANDARD = "gnu++20";
				CLANG_ENABLE_MODULES = YES;
				CLANG_ENABLE_OBJC_ARC = YES;
				CLANG_ENABLE_OBJC_WEAK = YES;
				CLANG_WARN_BLOCK_CAPTURE_AUTORELEASING = YES;
				CLANG_WARN_BOOL_CONVERSION = YES;
				CLANG_WARN_COMMA = YES;
				CLANG_WARN_CONSTANT_CONVERSION = YES;
				CLANG_WARN_DEPRECATED_OBJC_IMPLEMENTATIONS = YES;
				CLANG_WARN_DIRECT_OBJC_ISA_USAGE = YES_ERROR;
				CLANG_WARN_DOCUMENTATION_COMMENTS = YES;
				CLANG_WARN_EMPTY_BODY = YES;
				CLANG_WARN_ENUM_CONVERSION = YES;
				CLANG_WARN_INFINITE_RECURSION = YES;
				CLANG_WARN_INT_CONVERSION = YES;
				CLANG_WARN_NON_LITERAL_NULL_CONVERSION = YES;
				CLANG_WARN_OBJC_IMPLICIT_RETAIN_SELF = YES;
				CLANG_WARN_OBJC_LITERAL_CONVERSION = YES;
				CLANG_WARN_OBJC_ROOT_CLASS = YES_ERROR;
				CLANG_WARN_QUOTED_INCLUDE_IN_FRAMEWORK_HEADER = YES;
				CLANG_WARN_RANGE_LOOP_ANALYSIS = YES;
				CLANG_WARN_STRICT_PROTOTYPES = YES;
				CLANG_WARN_SUSPICIOUS_MOVE = YES;
				CLANG_WARN_UNGUARDED_AVAILABILITY = YES_AGGRESSIVE;
				CLANG_WARN_UNREACHABLE_CODE = YES;
				CLANG_WARN__DUPLICATE_METHOD_MATCH = YES;
				COPY_PHASE_STRIP = NO;
				DEBUG_INFORMATION_FORMAT = "dwarf-with-dsym";
				ENABLE_NS_ASSERTIONS = NO;
				ENABLE_STRICT_OBJC_MSGSEND = YES;
				GCC_C_LANGUAGE_STANDARD = gnu11;
				GCC_NO_COMMON_BLOCKS = YES;
				GCC_WARN_64_TO_32_BIT_CONVERSION = YES;
				GCC_WARN_ABOUT_RETURN_TYPE = YES_ERROR;
				GCC_WARN_UNDECLARED_SELECTOR = YES;
				GCC_WARN_UNINITIALIZED_AUTOS = YES_AGGRESSIVE;
				GCC_WARN_UNUSED_FUNCTION = YES;
				GCC_WARN_UNUSED_VARIABLE = YES;
				IPHONEOS_DEPLOYMENT_TARGET = 16.2;
				MTL_ENABLE_DEBUG_INFO = NO;
				MTL_FAST_MATH = YES;
				SDKROOT = iphoneos;
				SWIFT_COMPILATION_MODE = wholemodule;
				SWIFT_OPTIMIZATION_LEVEL = "-O";
				VALIDATE_PRODUCT = YES;
			};
			name = Release;
		};
		F372E4AA298FE969009548A3 /* Debug */ = {
			isa = XCBuildConfiguration;
			buildSettings = {
				ASSETCATALOG_COMPILER_APPICON_NAME = AppIcon;
				ASSETCATALOG_COMPILER_GLOBAL_ACCENT_COLOR_NAME = AccentColor;
				CODE_SIGN_STYLE = Automatic;
				CURRENT_PROJECT_VERSION = 1;
				DEVELOPMENT_TEAM = T8C3BDQ5BW;
				GENERATE_INFOPLIST_FILE = YES;
				INFOPLIST_FILE = "YouTube Music/Info.plist";
				INFOPLIST_KEY_UIApplicationSupportsIndirectInputEvents = YES;
				INFOPLIST_KEY_UILaunchStoryboardName = LaunchScreen;
				INFOPLIST_KEY_UIMainStoryboardFile = Main;
				INFOPLIST_KEY_UISupportedInterfaceOrientations_iPad = "UIInterfaceOrientationPortrait UIInterfaceOrientationPortraitUpsideDown UIInterfaceOrientationLandscapeLeft UIInterfaceOrientationLandscapeRight";
				INFOPLIST_KEY_UISupportedInterfaceOrientations_iPhone = "UIInterfaceOrientationPortrait UIInterfaceOrientationLandscapeLeft UIInterfaceOrientationLandscapeRight";
				LD_RUNPATH_SEARCH_PATHS = (
					"$(inherited)",
					"@executable_path/Frameworks",
				);
				MARKETING_VERSION = 1.0;
				PRODUCT_BUNDLE_IDENTIFIER = "com.simphiwekuse.YouTube-Music";
				PRODUCT_NAME = "$(TARGET_NAME)";
				SWIFT_EMIT_LOC_STRINGS = YES;
				SWIFT_VERSION = 5.0;
				TARGETED_DEVICE_FAMILY = "1,2";
			};
			name = Debug;
		};
		F372E4AB298FE969009548A3 /* Release */ = {
			isa = XCBuildConfiguration;
			buildSettings = {
				ASSETCATALOG_COMPILER_APPICON_NAME = AppIcon;
				ASSETCATALOG_COMPILER_GLOBAL_ACCENT_COLOR_NAME = AccentColor;
				CODE_SIGN_STYLE = Automatic;
				CURRENT_PROJECT_VERSION = 1;
				DEVELOPMENT_TEAM = T8C3BDQ5BW;
				GENERATE_INFOPLIST_FILE = YES;
				INFOPLIST_FILE = "YouTube Music/Info.plist";
				INFOPLIST_KEY_UIApplicationSupportsIndirectInputEvents = YES;
				INFOPLIST_KEY_UILaunchStoryboardName = LaunchScreen;
				INFOPLIST_KEY_UIMainStoryboardFile = Main;
				INFOPLIST_KEY_UISupportedInterfaceOrientations_iPad = "UIInterfaceOrientationPortrait UIInterfaceOrientationPortraitUpsideDown UIInterfaceOrientationLandscapeLeft UIInterfaceOrientationLandscapeRight";
				INFOPLIST_KEY_UISupportedInterfaceOrientations_iPhone = "UIInterfaceOrientationPortrait UIInterfaceOrientationLandscapeLeft UIInterfaceOrientationLandscapeRight";
				LD_RUNPATH_SEARCH_PATHS = (
					"$(inherited)",
					"@executable_path/Frameworks",
				);
				MARKETING_VERSION = 1.0;
				PRODUCT_BUNDLE_IDENTIFIER = "com.simphiwekuse.YouTube-Music";
				PRODUCT_NAME = "$(TARGET_NAME)";
				SWIFT_EMIT_LOC_STRINGS = YES;
				SWIFT_VERSION = 5.0;
				TARGETED_DEVICE_FAMILY = "1,2";
			};
			name = Release;
		};
/* End XCBuildConfiguration section */

/* Begin XCConfigurationList section */
		F372E490298FE967009548A3 /* Build configuration list for PBXProject "YouTube Music" */ = {
			isa = XCConfigurationList;
			buildConfigurations = (
				F372E4A7298FE969009548A3 /* Debug */,
				F372E4A8298FE969009548A3 /* Release */,
			);
			defaultConfigurationIsVisible = 0;
			defaultConfigurationName = Release;
		};
		F372E4A9298FE969009548A3 /* Build configuration list for PBXNativeTarget "YouTube Music" */ = {
			isa = XCConfigurationList;
			buildConfigurations = (
				F372E4AA298FE969009548A3 /* Debug */,
				F372E4AB298FE969009548A3 /* Release */,
			);
			defaultConfigurationIsVisible = 0;
			defaultConfigurationName = Release;
		};
/* End XCConfigurationList section */
	};
	rootObject = F372E48D298FE967009548A3 /* Project object */;
}
